
Microsoft Visual Studio Solution File, Format Version 12.00
# Visual Studio Version 16
VisualStudioVersion = 16.0.30711.63
MinimumVisualStudioVersion = 10.0.40219.1
Project("{FAE04EC0-301F-11D3-BF4B-00C04F79EFBC}") = "SCL_UnitTestProject", "SCL_UnitTestProject\SCL_UnitTestProject.csproj", "{FAD33820-817C-4A0A-BC31-534B534EFB6A}"
EndProject
Project("{FAE04EC0-301F-11D3-BF4B-00C04F79EFBC}") = "SarachanCollectionClassLibrary", "SarachanCollectionClassLibrary\SarachanCollectionClassLibrary.csproj", "{11D993B1-547C-41B8-8B66-2F6A7D3E254F}"
EndProject
Global
	GlobalSection(SolutionConfigurationPlatforms) = preSolution
		Debug|Any CPU = Debug|Any CPU
		Release|Any CPU = Release|Any CPU
	EndGlobalSection
	GlobalSection(ProjectConfigurationPlatforms) = postSolution
		{FAD33820-817C-4A0A-BC31-534B534EFB6A}.Debug|Any CPU.ActiveCfg = Debug|Any CPU
		{FAD33820-817C-4A0A-BC31-534B534EFB6A}.Debug|Any CPU.Build.0 = Debug|Any CPU
		{FAD33820-817C-4A0A-BC31-534B534EFB6A}.Release|Any CPU.ActiveCfg = Release|Any CPU
		{FAD33820-817C-4A0A-BC31-534B534EFB6A}.Release|Any CPU.Build.0 = Release|Any CPU
		{11D993B1-547C-41B8-8B66-2F6A7D3E254F}.Debug|Any CPU.ActiveCfg = Debug|Any CPU
		{11D993B1-547C-41B8-8B66-2F6A7D3E254F}.Debug|Any CPU.Build.0 = Debug|Any CPU
		{11D993B1-547C-41B8-8B66-2F6A7D3E254F}.Release|Any CPU.ActiveCfg = Release|Any CPU
		{11D993B1-547C-41B8-8B66-2F6A7D3E254F}.Release|Any CPU.Build.0 = Release|Any CPU
	EndGlobalSection
	GlobalSection(SolutionProperties) = preSolution
		HideSolutionNode = FALSE
	EndGlobalSection
	GlobalSection(ExtensibilityGlobals) = postSolution
		SolutionGuid = {BFDC7072-D56D-436C-9D65-7784A4BEA5A3}
	EndGlobalSection
EndGlobal
